// !$*UTF8*$!
{
	archiveVersion = 1;
	classes = {
	};
	objectVersion = 50;
	objects = {

/* Begin PBXBuildFile section */
		7307D0E72199A82C00931A87 /* Car.swift in Sources */ = {isa = PBXBuildFile; fileRef = 7307D0E62199A82C00931A87 /* Car.swift */; };
		7307D0E92199B74200931A87 /* SelfDrivingCar.swift in Sources */ = {isa = PBXBuildFile; fileRef = 7307D0E82199B74200931A87 /* SelfDrivingCar.swift */; };
		7307D0EB2199BA5900931A87 /* CarClass.swift in Sources */ = {isa = PBXBuildFile; fileRef = 7307D0EA2199BA5900931A87 /* CarClass.swift */; };
		73B11D68219B6BD200975A56 /* ClassA.swift in Sources */ = {isa = PBXBuildFile; fileRef = 73B11D67219B6BD200975A56 /* ClassA.swift */; };
		73B11D6A219B6C2D00975A56 /* ClassB.swift in Sources */ = {isa = PBXBuildFile; fileRef = 73B11D69219B6C2D00975A56 /* ClassB.swift */; };
		73E55A57219924BF00781680 /* main.swift in Sources */ = {isa = PBXBuildFile; fileRef = 73E55A56219924BF00781680 /* main.swift */; };
/* End PBXBuildFile section */

/* Begin PBXCopyFilesBuildPhase section */
		73E55A51219924BF00781680 /* CopyFiles */ = {
			isa = PBXCopyFilesBuildPhase;
			buildActionMask = 2147483647;
			dstPath = /usr/share/man/man1/;
			dstSubfolderSpec = 0;
			files = (
			);
			runOnlyForDeploymentPostprocessing = 1;
		};
/* End PBXCopyFilesBuildPhase section */

/* Begin PBXFileReference section */
		7307D0E62199A82C00931A87 /* Car.swift */ = {isa = PBXFileReference; lastKnownFileType = sourcecode.swift; path = Car.swift; sourceTree = "<group>"; };
		7307D0E82199B74200931A87 /* SelfDrivingCar.swift */ = {isa = PBXFileReference; lastKnownFileType = sourcecode.swift; path = SelfDrivingCar.swift; sourceTree = "<group>"; };
		7307D0EA2199BA5900931A87 /* CarClass.swift */ = {isa = PBXFileReference; lastKnownFileType = sourcecode.swift; path = CarClass.swift; sourceTree = "<group>"; };
		73B11D67219B6BD200975A56 /* ClassA.swift */ = {isa = PBXFileReference; lastKnownFileType = sourcecode.swift; path = ClassA.swift; sourceTree = "<group>"; };
		73B11D69219B6C2D00975A56 /* ClassB.swift */ = {isa = PBXFileReference; lastKnownFileType = sourcecode.swift; path = ClassB.swift; sourceTree = "<group>"; };
		73E55A53219924BF00781680 /* SwiftExample */ = {isa = PBXFileReference; explicitFileType = "compiled.mach-o.executable"; includeInIndex = 0; path = SwiftExample; sourceTree = BUILT_PRODUCTS_DIR; };
		73E55A56219924BF00781680 /* main.swift */ = {isa = PBXFileReference; lastKnownFileType = sourcecode.swift; path = main.swift; sourceTree = "<group>"; };
/* End PBXFileReference section */

/* Begin PBXFrameworksBuildPhase section */
		73E55A50219924BF00781680 /* Frameworks */ = {
			isa = PBXFrameworksBuildPhase;
			buildActionMask = 2147483647;
			files = (
			);
			runOnlyForDeploymentPostprocessing = 0;
		};
/* End PBXFrameworksBuildPhase section */

/* Begin PBXGroup section */
		73B11D66219B6BBA00975A56 /* AccessLevels */ = {
			isa = PBXGroup;
			children = (
				73B11D67219B6BD200975A56 /* ClassA.swift */,
				73B11D69219B6C2D00975A56 /* ClassB.swift */,
			);
			path = AccessLevels;
			sourceTree = "<group>";
		};
		73E55A4A219924BF00781680 = {
			isa = PBXGroup;
			children = (
				73E55A55219924BF00781680 /* SwiftExample */,
				73E55A54219924BF00781680 /* Products */,
			);
			sourceTree = "<group>";
		};
		73E55A54219924BF00781680 /* Products */ = {
			isa = PBXGroup;
			children = (
				73E55A53219924BF00781680 /* SwiftExample */,
			);
			name = Products;
			sourceTree = "<group>";
		};
		73E55A55219924BF00781680 /* SwiftExample */ = {
			isa = PBXGroup;
			children = (
				73B11D66219B6BBA00975A56 /* AccessLevels */,
				73E55A56219924BF00781680 /* main.swift */,
				7307D0E62199A82C00931A87 /* Car.swift */,
				7307D0E82199B74200931A87 /* SelfDrivingCar.swift */,
				7307D0EA2199BA5900931A87 /* CarClass.swift */,
			);
			path = SwiftExample;
			sourceTree = "<group>";
		};
/* End PBXGroup section */

/* Begin PBXNativeTarget section */
		73E55A52219924BF00781680 /* SwiftExample */ = {
			isa = PBXNativeTarget;
			buildConfigurationList = 73E55A5A219924BF00781680 /* Build configuration list for PBXNativeTarget "SwiftExample" */;
			buildPhases = (
				73E55A4F219924BF00781680 /* Sources */,
				73E55A50219924BF00781680 /* Frameworks */,
				73E55A51219924BF00781680 /* CopyFiles */,
			);
			buildRules = (
			);
			dependencies = (
			);
			name = SwiftExample;
			productName = SwiftExample;
			productReference = 73E55A53219924BF00781680 /* SwiftExample */;
			productType = "com.apple.product-type.tool";
		};
/* End PBXNativeTarget section */

/* Begin PBXProject section */
		73E55A4B219924BF00781680 /* Project object */ = {
			isa = PBXProject;
			attributes = {
				LastSwiftUpdateCheck = 1010;
				LastUpgradeCheck = 1010;
				ORGANIZATIONNAME = "Steffen André Langnes";
				TargetAttributes = {
					73E55A52219924BF00781680 = {
						CreatedOnToolsVersion = 10.1;
					};
				};
			};
			buildConfigurationList = 73E55A4E219924BF00781680 /* Build configuration list for PBXProject "SwiftExample" */;
			compatibilityVersion = "Xcode 9.3";
			developmentRegion = en;
			hasScannedForEncodings = 0;
			knownRegions = (
				en,
			);
			mainGroup = 73E55A4A219924BF00781680;
			productRefGroup = 73E55A54219924BF00781680 /* Products */;
			projectDirPath = "";
			projectRoot = "";
			targets = (
				73E55A52219924BF00781680 /* SwiftExample */,
			);
		};
/* End PBXProject section */

/* Begin PBXSourcesBuildPhase section */
		73E55A4F219924BF00781680 /* Sources */ = {
			isa = PBXSourcesBuildPhase;
			buildActionMask = 2147483647;
			files = (
				7307D0E92199B74200931A87 /* SelfDrivingCar.swift in Sources */,
				7307D0EB2199BA5900931A87 /* CarClass.swift in Sources */,
				7307D0E72199A82C00931A87 /* Car.swift in Sources */,
				73B11D6A219B6C2D00975A56 /* ClassB.swift in Sources */,
				73B11D68219B6BD200975A56 /* ClassA.swift in Sources */,
				73E55A57219924BF00781680 /* main.swift in Sources */,
			);
			runOnlyForDeploymentPostprocessing = 0;
		};
/* End PBXSourcesBuildPhase section */

/* Begin XCBuildConfiguration section */
		73E55A58219924BF00781680 /* Debug */ = {
			isa = XCBuildConfiguration;
			buildSettings = {
				ALWAYS_SEARCH_USER_PATHS = NO;
				CLANG_ANALYZER_NONNULL = YES;
				CLANG_ANALYZER_NUMBER_OBJECT_CONVERSION = YES_AGGRESSIVE;
				CLANG_CXX_LANGUAGE_STANDARD = "gnu++14";
				CLANG_CXX_LIBRARY = "libc++";
				CLANG_ENABLE_MODULES = YES;
				CLANG_ENABLE_OBJC_ARC = YES;
				CLANG_ENABLE_OBJC_WEAK = YES;
				CLANG_WARN_BLOCK_CAPTURE_AUTORELEASING = YES;
				CLANG_WARN_BOOL_CONVERSION = YES;
				CLANG_WARN_COMMA = YES;
				CLANG_WARN_CONSTANT_CONVERSION = YES;
				CLANG_WARN_DEPRECATED_OBJC_IMPLEMENTATIONS = YES;
				CLANG_WARN_DIRECT_OBJC_ISA_USAGE = YES_ERROR;
				CLANG_WARN_DOCUMENTATION_COMMENTS = YES;
				CLANG_WARN_EMPTY_BODY = YES;
				CLANG_WARN_ENUM_CONVERSION = YES;
				CLANG_WARN_INFINITE_RECURSION = YES;
				CLANG_WARN_INT_CONVERSION = YES;
				CLANG_WARN_NON_LITERAL_NULL_CONVERSION = YES;
				CLANG_WARN_OBJC_IMPLICIT_RETAIN_SELF = YES;
				CLANG_WARN_OBJC_LITERAL_CONVERSION = YES;
				CLANG_WARN_OBJC_ROOT_CLASS = YES_ERROR;
				CLANG_WARN_RANGE_LOOP_ANALYSIS = YES;
				CLANG_WARN_STRICT_PROTOTYPES = YES;
				CLANG_WARN_SUSPICIOUS_MOVE = YES;
				CLANG_WARN_UNGUARDED_AVAILABILITY = YES_AGGRESSIVE;
				CLANG_WARN_UNREACHABLE_CODE = YES;
				CLANG_WARN__DUPLICATE_METHOD_MATCH = YES;
				CODE_SIGN_IDENTITY = "Mac Developer";
				COPY_PHASE_STRIP = NO;
				DEBUG_INFORMATION_FORMAT = dwarf;
				ENABLE_STRICT_OBJC_MSGSEND = YES;
				ENABLE_TESTABILITY = YES;
				GCC_C_LANGUAGE_STANDARD = gnu11;
				GCC_DYNAMIC_NO_PIC = NO;
				GCC_NO_COMMON_BLOCKS = YES;
				GCC_OPTIMIZATION_LEVEL = 0;
				GCC_PREPROCESSOR_DEFINITIONS = (
					"DEBUG=1",
					"$(inherited)",
				);
				GCC_WARN_64_TO_32_BIT_CONVERSION = YES;
				GCC_WARN_ABOUT_RETURN_TYPE = YES_ERROR;
				GCC_WARN_UNDECLARED_SELECTOR = YES;
				GCC_WARN_UNINITIALIZED_AUTOS = YES_AGGRESSIVE;
				GCC_WARN_UNUSED_FUNCTION = YES;
				GCC_WARN_UNUSED_VARIABLE = YES;
				MACOSX_DEPLOYMENT_TARGET = 10.13;
				MTL_ENABLE_DEBUG_INFO = INCLUDE_SOURCE;
				MTL_FAST_MATH = YES;
				ONLY_ACTIVE_ARCH = YES;
				SDKROOT = macosx;
				SWIFT_ACTIVE_COMPILATION_CONDITIONS = DEBUG;
				SWIFT_OPTIMIZATION_LEVEL = "-Onone";
			};
			name = Debug;
		};
		73E55A59219924BF00781680 /* Release */ = {
			isa = XCBuildConfiguration;
			buildSettings = {
				ALWAYS_SEARCH_USER_PATHS = NO;
				CLANG_ANALYZER_NONNULL = YES;
				CLANG_ANALYZER_NUMBER_OBJECT_CONVERSION = YES_AGGRESSIVE;
				CLANG_CXX_LANGUAGE_STANDARD = "gnu++14";
				CLANG_CXX_LIBRARY = "libc++";
				CLANG_ENABLE_MODULES = YES;
				CLANG_ENABLE_OBJC_ARC = YES;
				CLANG_ENABLE_OBJC_WEAK = YES;
				CLANG_WARN_BLOCK_CAPTURE_AUTORELEASING = YES;
				CLANG_WARN_BOOL_CONVERSION = YES;
				CLANG_WARN_COMMA = YES;
				CLANG_WARN_CONSTANT_CONVERSION = YES;
				CLANG_WARN_DEPRECATED_OBJC_IMPLEMENTATIONS = YES;
				CLANG_WARN_DIRECT_OBJC_ISA_USAGE = YES_ERROR;
				CLANG_WARN_DOCUMENTATION_COMMENTS = YES;
				CLANG_WARN_EMPTY_BODY = YES;
				CLANG_WARN_ENUM_CONVERSION = YES;
				CLANG_WARN_INFINITE_RECURSION = YES;
				CLANG_WARN_INT_CONVERSION = YES;
				CLANG_WARN_NON_LITERAL_NULL_CONVERSION = YES;
				CLANG_WARN_OBJC_IMPLICIT_RETAIN_SELF = YES;
				CLANG_WARN_OBJC_LITERAL_CONVERSION = YES;
				CLANG_WARN_OBJC_ROOT_CLASS = YES_ERROR;
				CLANG_WARN_RANGE_LOOP_ANALYSIS = YES;
				CLANG_WARN_STRICT_PROTOTYPES = YES;
				CLANG_WARN_SUSPICIOUS_MOVE = YES;
				CLANG_WARN_UNGUARDED_AVAILABILITY = YES_AGGRESSIVE;
				CLANG_WARN_UNREACHABLE_CODE = YES;
				CLANG_WARN__DUPLICATE_METHOD_MATCH = YES;
				CODE_SIGN_IDENTITY = "Mac Developer";
				COPY_PHASE_STRIP = NO;
				DEBUG_INFORMATION_FORMAT = "dwarf-with-dsym";
				ENABLE_NS_ASSERTIONS = NO;
				ENABLE_STRICT_OBJC_MSGSEND = YES;
				GCC_C_LANGUAGE_STANDARD = gnu11;
				GCC_NO_COMMON_BLOCKS = YES;
				GCC_WARN_64_TO_32_BIT_CONVERSION = YES;
				GCC_WARN_ABOUT_RETURN_TYPE = YES_ERROR;
				GCC_WARN_UNDECLARED_SELECTOR = YES;
				GCC_WARN_UNINITIALIZED_AUTOS = YES_AGGRESSIVE;
				GCC_WARN_UNUSED_FUNCTION = YES;
				GCC_WARN_UNUSED_VARIABLE = YES;
				MACOSX_DEPLOYMENT_TARGET = 10.13;
				MTL_ENABLE_DEBUG_INFO = NO;
				MTL_FAST_MATH = YES;
				SDKROOT = macosx;
				SWIFT_COMPILATION_MODE = wholemodule;
				SWIFT_OPTIMIZATION_LEVEL = "-O";
			};
			name = Release;
		};
		73E55A5B219924BF00781680 /* Debug */ = {
			isa = XCBuildConfiguration;
			buildSettings = {
				CODE_SIGN_STYLE = Automatic;
				DEVELOPMENT_TEAM = 94MD6RCH52;
				PRODUCT_NAME = "$(TARGET_NAME)";
				SWIFT_VERSION = 4.2;
			};
			name = Debug;
		};
		73E55A5C219924BF00781680 /* Release */ = {
			isa = XCBuildConfiguration;
			buildSettings = {
				CODE_SIGN_STYLE = Automatic;
				DEVELOPMENT_TEAM = 94MD6RCH52;
				PRODUCT_NAME = "$(TARGET_NAME)";
				SWIFT_VERSION = 4.2;
			};
			name = Release;
		};
/* End XCBuildConfiguration section */

/* Begin XCConfigurationList section */
		73E55A4E219924BF00781680 /* Build configuration list for PBXProject "SwiftExample" */ = {
			isa = XCConfigurationList;
			buildConfigurations = (
				73E55A58219924BF00781680 /* Debug */,
				73E55A59219924BF00781680 /* Release */,
			);
			defaultConfigurationIsVisible = 0;
			defaultConfigurationName = Release;
		};
		73E55A5A219924BF00781680 /* Build configuration list for PBXNativeTarget "SwiftExample" */ = {
			isa = XCConfigurationList;
			buildConfigurations = (
				73E55A5B219924BF00781680 /* Debug */,
				73E55A5C219924BF00781680 /* Release */,
			);
			defaultConfigurationIsVisible = 0;
			defaultConfigurationName = Release;
		};
/* End XCConfigurationList section */
	};
	rootObject = 73E55A4B219924BF00781680 /* Project object */;
}
